
Microsoft Visual Studio Solution File, Format Version 12.00
Project("{2150E333-8FDC-42A3-9474-1A3956D46DE8}") = "Solution Items", "Solution Items", "{2E8027A3-6277-4355-A556-1FDCF6506EA7}"
	ProjectSection(SolutionItems) = preProject
		README.md = README.md
		global.json = global.json
		.gitignore = .gitignore
	EndProjectSection
EndProject
Project("{2150E333-8FDC-42A3-9474-1A3956D46DE8}") = "src", "src", "{F216CC87-6570-4539-9191-B9AF3C17A970}"
EndProject
Project("{2150E333-8FDC-42A3-9474-1A3956D46DE8}") = "Business", "Business", "{E587F5B1-46A5-45F6-8F64-A3CD8A406EE2}"
EndProject
Project("{2150E333-8FDC-42A3-9474-1A3956D46DE8}") = "Projects", "Projects", "{E0241426-4C47-43E0-9F3A-E8C6979FA1AA}"
EndProject
Project("{2150E333-8FDC-42A3-9474-1A3956D46DE8}") = "Data", "Data", "{4EB85298-3394-4F20-AC03-5FB300B9A753}"
EndProject
Project("{2150E333-8FDC-42A3-9474-1A3956D46DE8}") = "Shared", "Shared", "{A5A022B4-7330-4917-BCD1-4F6543BB9123}"
EndProject
Project("{FAE04EC0-301F-11D3-BF4B-00C04F79EFBC}") = "ManageContacts.WebApi", "src\ManageContacts.WebApi\ManageContacts.WebApi.csproj", "{023AE192-35C7-46C3-8B85-104D44A5315C}"
EndProject
Project("{FAE04EC0-301F-11D3-BF4B-00C04F79EFBC}") = "ManageContacts.Shared", "src\ManageContacts.Shared\ManageContacts.Shared.csproj", "{702C6927-E092-4D6C-826F-B91D663D830F}"
EndProject
Project("{FAE04EC0-301F-11D3-BF4B-00C04F79EFBC}") = "ManageContacts.Service", "src\ManageContacts.Service\ManageContacts.Service.csproj", "{427F2EEC-516D-4368-8100-4ECBBF51CA74}"
EndProject
Project("{FAE04EC0-301F-11D3-BF4B-00C04F79EFBC}") = "ManageContacts.Model", "src\ManageContacts.Model\ManageContacts.Model.csproj", "{1119462D-F60D-4522-9952-1C7ECAB69B14}"
EndProject
Project("{FAE04EC0-301F-11D3-BF4B-00C04F79EFBC}") = "ManageContacts.Entity", "src\ManageContacts.Entity\ManageContacts.Entity.csproj", "{EA19B86B-3C28-40E8-96D6-C33AFD7FA84C}"
EndProject
Project("{FAE04EC0-301F-11D3-BF4B-00C04F79EFBC}") = "ManageContacts.Infrastructure", "src\ManageContacts.Infrastructure\ManageContacts.Infrastructure.csproj", "{9FEE80CC-AF2D-4237-B570-6C3F41045546}"
EndProject
Global
	GlobalSection(SolutionConfigurationPlatforms) = preSolution
		Debug|Any CPU = Debug|Any CPU
		Release|Any CPU = Release|Any CPU
	EndGlobalSection
	GlobalSection(NestedProjects) = preSolution
		{E587F5B1-46A5-45F6-8F64-A3CD8A406EE2} = {F216CC87-6570-4539-9191-B9AF3C17A970}
		{E0241426-4C47-43E0-9F3A-E8C6979FA1AA} = {F216CC87-6570-4539-9191-B9AF3C17A970}
		{4EB85298-3394-4F20-AC03-5FB300B9A753} = {F216CC87-6570-4539-9191-B9AF3C17A970}
		{A5A022B4-7330-4917-BCD1-4F6543BB9123} = {F216CC87-6570-4539-9191-B9AF3C17A970}
		{023AE192-35C7-46C3-8B85-104D44A5315C} = {E0241426-4C47-43E0-9F3A-E8C6979FA1AA}
		{702C6927-E092-4D6C-826F-B91D663D830F} = {A5A022B4-7330-4917-BCD1-4F6543BB9123}
		{427F2EEC-516D-4368-8100-4ECBBF51CA74} = {E587F5B1-46A5-45F6-8F64-A3CD8A406EE2}
		{1119462D-F60D-4522-9952-1C7ECAB69B14} = {E587F5B1-46A5-45F6-8F64-A3CD8A406EE2}
		{EA19B86B-3C28-40E8-96D6-C33AFD7FA84C} = {4EB85298-3394-4F20-AC03-5FB300B9A753}
		{9FEE80CC-AF2D-4237-B570-6C3F41045546} = {4EB85298-3394-4F20-AC03-5FB300B9A753}
	EndGlobalSection
	GlobalSection(ProjectConfigurationPlatforms) = postSolution
		{023AE192-35C7-46C3-8B85-104D44A5315C}.Debug|Any CPU.ActiveCfg = Debug|Any CPU
		{023AE192-35C7-46C3-8B85-104D44A5315C}.Debug|Any CPU.Build.0 = Debug|Any CPU
		{023AE192-35C7-46C3-8B85-104D44A5315C}.Release|Any CPU.ActiveCfg = Release|Any CPU
		{023AE192-35C7-46C3-8B85-104D44A5315C}.Release|Any CPU.Build.0 = Release|Any CPU
		{702C6927-E092-4D6C-826F-B91D663D830F}.Debug|Any CPU.ActiveCfg = Debug|Any CPU
		{702C6927-E092-4D6C-826F-B91D663D830F}.Debug|Any CPU.Build.0 = Debug|Any CPU
		{702C6927-E092-4D6C-826F-B91D663D830F}.Release|Any CPU.ActiveCfg = Release|Any CPU
		{702C6927-E092-4D6C-826F-B91D663D830F}.Release|Any CPU.Build.0 = Release|Any CPU
		{427F2EEC-516D-4368-8100-4ECBBF51CA74}.Debug|Any CPU.ActiveCfg = Debug|Any CPU
		{427F2EEC-516D-4368-8100-4ECBBF51CA74}.Debug|Any CPU.Build.0 = Debug|Any CPU
		{427F2EEC-516D-4368-8100-4ECBBF51CA74}.Release|Any CPU.ActiveCfg = Release|Any CPU
		{427F2EEC-516D-4368-8100-4ECBBF51CA74}.Release|Any CPU.Build.0 = Release|Any CPU
		{1119462D-F60D-4522-9952-1C7ECAB69B14}.Debug|Any CPU.ActiveCfg = Debug|Any CPU
		{1119462D-F60D-4522-9952-1C7ECAB69B14}.Debug|Any CPU.Build.0 = Debug|Any CPU
		{1119462D-F60D-4522-9952-1C7ECAB69B14}.Release|Any CPU.ActiveCfg = Release|Any CPU
		{1119462D-F60D-4522-9952-1C7ECAB69B14}.Release|Any CPU.Build.0 = Release|Any CPU
		{EA19B86B-3C28-40E8-96D6-C33AFD7FA84C}.Debug|Any CPU.ActiveCfg = Debug|Any CPU
		{EA19B86B-3C28-40E8-96D6-C33AFD7FA84C}.Debug|Any CPU.Build.0 = Debug|Any CPU
		{EA19B86B-3C28-40E8-96D6-C33AFD7FA84C}.Release|Any CPU.ActiveCfg = Release|Any CPU
		{EA19B86B-3C28-40E8-96D6-C33AFD7FA84C}.Release|Any CPU.Build.0 = Release|Any CPU
		{9FEE80CC-AF2D-4237-B570-6C3F41045546}.Debug|Any CPU.ActiveCfg = Debug|Any CPU
		{9FEE80CC-AF2D-4237-B570-6C3F41045546}.Debug|Any CPU.Build.0 = Debug|Any CPU
		{9FEE80CC-AF2D-4237-B570-6C3F41045546}.Release|Any CPU.ActiveCfg = Release|Any CPU
		{9FEE80CC-AF2D-4237-B570-6C3F41045546}.Release|Any CPU.Build.0 = Release|Any CPU
	EndGlobalSection
EndGlobal
